{
  "nodes": {
    "dlang-tools": {
      "inputs": {
        "nixpkgs": "nixpkgs"
      },
      "locked": {
        "lastModified": 1747929855,
        "narHash": "sha256-YxQwKNbtNovcdzyYDW+Bmrkoy5xJeEeCSlLWd27GBSw=",
        "owner": "ipsavitsky",
        "repo": "dlang-tools",
        "rev": "152d1b02566cee26feea3919b8c3ebbea105630a",
        "type": "github"
      },
      "original": {
        "owner": "ipsavitsky",
        "repo": "dlang-tools",
        "type": "github"
      }
    },
    "nixpkgs": {
      "locked": {
        "lastModified": 1747327360,
        "narHash": "sha256-LSmTbiq/nqZR9B2t4MRnWG7cb0KVNU70dB7RT4+wYK4=",
        "owner": "nixos",
        "repo": "nixpkgs",
        "rev": "e06158e58f3adee28b139e9c2bcfcc41f8625b46",
        "type": "github"
      },
      "original": {
        "owner": "nixos",
        "ref": "nixos-unstable",
        "repo": "nixpkgs",
        "type": "github"
      }
    },
    "nixpkgs_2": {
      "locked": {
        "lastModified": 1748370509,
        "narHash": "sha256-QlL8slIgc16W5UaI3w7xHQEP+Qmv/6vSNTpoZrrSlbk=",
        "owner": "nixos",
        "repo": "nixpkgs",
        "rev": "4faa5f5321320e49a78ae7848582f684d64783e9",
        "type": "github"
      },
      "original": {
        "owner": "nixos",
        "ref": "nixos-unstable",
        "repo": "nixpkgs",
        "type": "github"
      }
    },
    "root": {
      "inputs": {
        "dlang-tools": "dlang-tools",
        "nixpkgs": "nixpkgs_2",
        "treefmt-nix": "treefmt-nix"
      }
    },
    "treefmt-nix": {
      "inputs": {
        "nixpkgs": [
          "nixpkgs"
        ]
      },
      "locked": {
        "lastModified": 1748243702,
        "narHash": "sha256-9YzfeN8CB6SzNPyPm2XjRRqSixDopTapaRsnTpXUEY8=",
        "owner": "numtide",
        "repo": "treefmt-nix",
        "rev": "1f3f7b784643d488ba4bf315638b2b0a4c5fb007",
        "type": "github"
      },
      "original": {
        "owner": "numtide",
        "repo": "treefmt-nix",
        "type": "github"
      }
    }
  },
  "root": "root",
  "version": 7
}
